{"format_version":"1.2","terraform_version":"1.11.4","variables":{"namespace":{"value":"demo-app"}},"planned_values":{"root_module":{"resources":[{"address":"kubernetes_deployment.demo","mode":"managed","type":"kubernetes_deployment","name":"demo","provider_name":"registry.terraform.io/hashicorp/kubernetes","schema_version":1,"values":{"metadata":[{"annotations":null,"generate_name":null,"labels":{"app":"demo-api"},"name":"demo-api","namespace":"demo-app"}],"spec":[{"min_ready_seconds":0,"paused":false,"progress_deadline_seconds":600,"replicas":"2","revision_history_limit":10,"selector":[{"match_expressions":[],"match_labels":{"app":"demo-api"}}],"template":[{"metadata":[{"annotations":null,"generate_name":null,"labels":{"app":"demo-api"},"namespace":null}],"spec":[{"active_deadline_seconds":null,"affinity":[],"automount_service_account_token":true,"container":[{"args":null,"command":null,"env":[],"env_from":[],"image":"demo-api:local","lifecycle":[],"liveness_probe":[],"name":"demo-api","port":[{"container_port":5000,"host_ip":null,"host_port":null,"name":null,"protocol":"TCP"}],"readiness_probe":[{"exec":[],"failure_threshold":3,"grpc":[],"http_get":[{"host":null,"http_header":[],"path":"/health","port":"5000","scheme":"HTTP"}],"initial_delay_seconds":2,"period_seconds":5,"success_threshold":1,"tcp_socket":[],"timeout_seconds":1}],"security_context":[],"startup_probe":[],"stdin":false,"stdin_once":false,"termination_message_path":"/dev/termination-log","tty":false,"volume_device":[],"volume_mount":[],"working_dir":null}],"dns_config":[],"dns_policy":"ClusterFirst","enable_service_links":true,"host_aliases":[],"host_ipc":false,"host_network":false,"host_pid":false,"init_container":[],"node_selector":null,"os":[],"priority_class_name":null,"restart_policy":"Always","runtime_class_name":null,"security_context":[],"share_process_namespace":false,"subdomain":null,"termination_grace_period_seconds":30,"toleration":[],"topology_spread_constraint":[],"volume":[]}]}]}],"timeouts":null,"wait_for_rollout":true},"sensitive_values":{"metadata":[{"labels":{}}],"spec":[{"selector":[{"match_expressions":[],"match_labels":{}}],"strategy":[],"template":[{"metadata":[{"labels":{}}],"spec":[{"affinity":[],"container":[{"env":[],"env_from":[],"lifecycle":[],"liveness_probe":[],"port":[{}],"readiness_probe":[{"exec":[],"grpc":[],"http_get":[{"http_header":[]}],"tcp_socket":[]}],"resources":[],"security_context":[],"startup_probe":[],"volume_device":[],"volume_mount":[]}],"dns_config":[],"host_aliases":[],"image_pull_secrets":[],"init_container":[],"os":[],"readiness_gate":[],"security_context":[],"toleration":[],"topology_spread_constraint":[],"volume":[]}]}]}]}},{"address":"kubernetes_namespace.demo","mode":"managed","type":"kubernetes_namespace","name":"demo","provider_name":"registry.terraform.io/hashicorp/kubernetes","schema_version":0,"values":{"metadata":[{"annotations":null,"generate_name":null,"labels":{"environment":"demo"},"name":"demo-app"}],"timeouts":null,"wait_for_default_service_account":false},"sensitive_values":{"metadata":[{"labels":{}}]}},{"address":"kubernetes_secret.demo","mode":"managed","type":"kubernetes_secret","name":"demo","provider_name":"registry.terraform.io/hashicorp/kubernetes","schema_version":0,"values":{"binary_data":null,"binary_data_wo":null,"binary_data_wo_revision":null,"data":{"demo_password":"ZGVtby1wYXNz","demo_username":"ZGVtby11c2Vy"},"data_wo":null,"data_wo_revision":null,"immutable":null,"metadata":[{"annotations":null,"generate_name":null,"labels":null,"name":"demo-secret","namespace":"demo-app"}],"timeouts":null,"type":"Opaque","wait_for_service_account_token":true},"sensitive_values":{"binary_data":true,"data":true,"metadata":[{}]}}]}},"resource_changes":[{"address":"kubernetes_deployment.demo","mode":"managed","type":"kubernetes_deployment","name":"demo","provider_name":"registry.terraform.io/hashicorp/kubernetes","change":{"actions":["create"],"before":null,"after":{"metadata":[{"annotations":null,"generate_name":null,"labels":{"app":"demo-api"},"name":"demo-api","namespace":"demo-app"}],"spec":[{"min_ready_seconds":0,"paused":false,"progress_deadline_seconds":600,"replicas":"2","revision_history_limit":10,"selector":[{"match_expressions":[],"match_labels":{"app":"demo-api"}}],"template":[{"metadata":[{"annotations":null,"generate_name":null,"labels":{"app":"demo-api"},"namespace":null}],"spec":[{"active_deadline_seconds":null,"affinity":[],"automount_service_account_token":true,"container":[{"args":null,"command":null,"env":[],"env_from":[],"image":"demo-api:local","lifecycle":[],"liveness_probe":[],"name":"demo-api","port":[{"container_port":5000,"host_ip":null,"host_port":null,"name":null,"protocol":"TCP"}],"readiness_probe":[{"exec":[],"failure_threshold":3,"grpc":[],"http_get":[{"host":null,"http_header":[],"path":"/health","port":"5000","scheme":"HTTP"}],"initial_delay_seconds":2,"period_seconds":5,"success_threshold":1,"tcp_socket":[],"timeout_seconds":1}],"security_context":[],"startup_probe":[],"stdin":false,"stdin_once":false,"termination_message_path":"/dev/termination-log","tty":false,"volume_device":[],"volume_mount":[],"working_dir":null}],"dns_config":[],"dns_policy":"ClusterFirst","enable_service_links":true,"host_aliases":[],"host_ipc":false,"host_network":false,"host_pid":false,"init_container":[],"node_selector":null,"os":[],"priority_class_name":null,"restart_policy":"Always","runtime_class_name":null,"security_context":[],"share_process_namespace":false,"subdomain":null,"termination_grace_period_seconds":30,"toleration":[],"topology_spread_constraint":[],"volume":[]}]}]}],"timeouts":null,"wait_for_rollout":true},"after_unknown":{"id":true,"metadata":[{"generation":true,"labels":{},"resource_version":true,"uid":true}],"spec":[{"selector":[{"match_expressions":[],"match_labels":{}}],"strategy":true,"template":[{"metadata":[{"generation":true,"labels":{},"name":true,"resource_version":true,"uid":true}],"spec":[{"affinity":[],"container":[{"env":[],"env_from":[],"image_pull_policy":true,"lifecycle":[],"liveness_probe":[],"port":[{}],"readiness_probe":[{"exec":[],"grpc":[],"http_get":[{"http_header":[]}],"tcp_socket":[]}],"resources":true,"security_context":[],"startup_probe":[],"termination_message_policy":true,"volume_device":[],"volume_mount":[]}],"dns_config":[],"host_aliases":[],"hostname":true,"image_pull_secrets":true,"init_container":[],"node_name":true,"os":[],"readiness_gate":true,"scheduler_name":true,"security_context":[],"service_account_name":true,"toleration":[],"topology_spread_constraint":[],"volume":[]}]}]}]},"before_sensitive":false,"after_sensitive":{"metadata":[{"labels":{}}],"spec":[{"selector":[{"match_expressions":[],"match_labels":{}}],"strategy":[],"template":[{"metadata":[{"labels":{}}],"spec":[{"affinity":[],"container":[{"env":[],"env_from":[],"lifecycle":[],"liveness_probe":[],"port":[{}],"readiness_probe":[{"exec":[],"grpc":[],"http_get":[{"http_header":[]}],"tcp_socket":[]}],"resources":[],"security_context":[],"startup_probe":[],"volume_device":[],"volume_mount":[]}],"dns_config":[],"host_aliases":[],"image_pull_secrets":[],"init_container":[],"os":[],"readiness_gate":[],"security_context":[],"toleration":[],"topology_spread_constraint":[],"volume":[]}]}]}]}}},{"address":"kubernetes_namespace.demo","mode":"managed","type":"kubernetes_namespace","name":"demo","provider_name":"registry.terraform.io/hashicorp/kubernetes","change":{"actions":["create"],"before":null,"after":{"metadata":[{"annotations":null,"generate_name":null,"labels":{"environment":"demo"},"name":"demo-app"}],"timeouts":null,"wait_for_default_service_account":false},"after_unknown":{"id":true,"metadata":[{"generation":true,"labels":{},"resource_version":true,"uid":true}]},"before_sensitive":false,"after_sensitive":{"metadata":[{"labels":{}}]}}},{"address":"kubernetes_secret.demo","mode":"managed","type":"kubernetes_secret","name":"demo","provider_name":"registry.terraform.io/hashicorp/kubernetes","change":{"actions":["create"],"before":null,"after":{"binary_data":null,"binary_data_wo":null,"binary_data_wo_revision":null,"data":{"demo_password":"ZGVtby1wYXNz","demo_username":"ZGVtby11c2Vy"},"data_wo":null,"data_wo_revision":null,"immutable":null,"metadata":[{"annotations":null,"generate_name":null,"labels":null,"name":"demo-secret","namespace":"demo-app"}],"timeouts":null,"type":"Opaque","wait_for_service_account_token":true},"after_unknown":{"data":{},"id":true,"metadata":[{"generation":true,"resource_version":true,"uid":true}]},"before_sensitive":false,"after_sensitive":{"binary_data":true,"data":true,"metadata":[{}]}}}],"configuration":{"provider_config":{"kubernetes":{"name":"kubernetes","full_name":"registry.terraform.io/hashicorp/kubernetes","version_constraint":"~\u003e 2.22","expressions":{"config_path":{"constant_value":"~/.kube/config"}}}},"root_module":{"resources":[{"address":"kubernetes_deployment.demo","mode":"managed","type":"kubernetes_deployment","name":"demo","provider_config_key":"kubernetes","expressions":{"metadata":[{"labels":{"constant_value":{"app":"demo-api"}},"name":{"constant_value":"demo-api"},"namespace":{"references":["kubernetes_namespace.demo.metadata[0].name","kubernetes_namespace.demo.metadata[0]","kubernetes_namespace.demo.metadata","kubernetes_namespace.demo"]}}],"spec":[{"replicas":{"constant_value":2},"selector":[{"match_labels":{"constant_value":{"app":"demo-api"}}}],"template":[{"metadata":[{"labels":{"constant_value":{"app":"demo-api"}}}],"spec":[{"container":[{"image":{"constant_value":"demo-api:local"},"name":{"constant_value":"demo-api"},"port":[{"container_port":{"constant_value":5000}}],"readiness_probe":[{"http_get":[{"path":{"constant_value":"/health"},"port":{"constant_value":5000}}],"initial_delay_seconds":{"constant_value":2},"period_seconds":{"constant_value":5}}]}]}]}]}]},"schema_version":1},{"address":"kubernetes_namespace.demo","mode":"managed","type":"kubernetes_namespace","name":"demo","provider_config_key":"kubernetes","expressions":{"metadata":[{"labels":{"constant_value":{"environment":"demo"}},"name":{"references":["var.namespace"]}}]},"schema_version":0},{"address":"kubernetes_secret.demo","mode":"managed","type":"kubernetes_secret","name":"demo","provider_config_key":"kubernetes","expressions":{"data":{},"metadata":[{"name":{"constant_value":"demo-secret"},"namespace":{"references":["kubernetes_namespace.demo.metadata[0].name","kubernetes_namespace.demo.metadata[0]","kubernetes_namespace.demo.metadata","kubernetes_namespace.demo"]}}],"type":{"constant_value":"Opaque"}},"schema_version":0}],"variables":{"namespace":{"default":"demo-app"}}}},"relevant_attributes":[{"resource":"kubernetes_namespace.demo","attribute":["metadata",0,"name"]}],"timestamp":"2025-12-11T08:20:46Z","applyable":true,"complete":true,"errored":false}
